
Microsoft Visual Studio Solution File, Format Version 12.00
# Visual Studio Version 16
VisualStudioVersion = 16.0.31624.102
MinimumVisualStudioVersion = 10.0.40219.1
Project("{FAE04EC0-301F-11D3-BF4B-00C04F79EFBC}") = "AnimalShop", "AnimalShop.csproj", "{644A9BC0-4D7E-4B0F-B003-015D0C43B16E}"
EndProject
Global
	GlobalSection(SolutionConfigurationPlatforms) = preSolution
		Debug|Any CPU = Debug|Any CPU
		Release|Any CPU = Release|Any CPU
	EndGlobalSection
	GlobalSection(ProjectConfigurationPlatforms) = postSolution
		{644A9BC0-4D7E-4B0F-B003-015D0C43B16E}.Debug|Any CPU.ActiveCfg = Debug|Any CPU
		{644A9BC0-4D7E-4B0F-B003-015D0C43B16E}.Debug|Any CPU.Build.0 = Debug|Any CPU
		{644A9BC0-4D7E-4B0F-B003-015D0C43B16E}.Release|Any CPU.ActiveCfg = Release|Any CPU
		{644A9BC0-4D7E-4B0F-B003-015D0C43B16E}.Release|Any CPU.Build.0 = Release|Any CPU
	EndGlobalSection
	GlobalSection(SolutionProperties) = preSolution
		HideSolutionNode = FALSE
	EndGlobalSection
	GlobalSection(ExtensibilityGlobals) = postSolution
		SolutionGuid = {80BF4987-A517-4193-A9A5-D1C0A574517E}
	EndGlobalSection
EndGlobal
